
Microsoft Visual Studio Solution File, Format Version 12.00
# Visual Studio Version 17
VisualStudioVersion = 17.8.34316.72
MinimumVisualStudioVersion = 10.0.40219.1
Project("{FAE04EC0-301F-11D3-BF4B-00C04F79EFBC}") = "WindowPage_WPF", "WindowPage_WPF\WindowPage_WPF.csproj", "{65062F25-5A10-4136-9770-42E4535544E0}"
EndProject
Global
	GlobalSection(SolutionConfigurationPlatforms) = preSolution
		Debug|Any CPU = Debug|Any CPU
		Release|Any CPU = Release|Any CPU
	EndGlobalSection
	GlobalSection(ProjectConfigurationPlatforms) = postSolution
		{65062F25-5A10-4136-9770-42E4535544E0}.Debug|Any CPU.ActiveCfg = Debug|Any CPU
		{65062F25-5A10-4136-9770-42E4535544E0}.Debug|Any CPU.Build.0 = Debug|Any CPU
		{65062F25-5A10-4136-9770-42E4535544E0}.Release|Any CPU.ActiveCfg = Release|Any CPU
		{65062F25-5A10-4136-9770-42E4535544E0}.Release|Any CPU.Build.0 = Release|Any CPU
	EndGlobalSection
	GlobalSection(SolutionProperties) = preSolution
		HideSolutionNode = FALSE
	EndGlobalSection
	GlobalSection(ExtensibilityGlobals) = postSolution
		SolutionGuid = {1062E620-E478-43EB-B778-2D8243D2ED5D}
	EndGlobalSection
EndGlobal
