
Microsoft Visual Studio Solution File, Format Version 12.00
# Visual Studio Version 16
VisualStudioVersion = 25.0.1706.9
MinimumVisualStudioVersion = 10.0.40219.1
Project("{FAE04EC0-301F-11D3-BF4B-00C04F79EFBC}") = "ASP_NET_Razor", "ASP_NET_Razor.csproj", "{0066EE78-5CC7-4CF1-9AE2-54B1A514FE07}"
EndProject
Global
	GlobalSection(SolutionConfigurationPlatforms) = preSolution
		Debug|Any CPU = Debug|Any CPU
		Release|Any CPU = Release|Any CPU
	EndGlobalSection
	GlobalSection(ProjectConfigurationPlatforms) = postSolution
		{0066EE78-5CC7-4CF1-9AE2-54B1A514FE07}.Debug|Any CPU.ActiveCfg = Debug|Any CPU
		{0066EE78-5CC7-4CF1-9AE2-54B1A514FE07}.Debug|Any CPU.Build.0 = Debug|Any CPU
		{0066EE78-5CC7-4CF1-9AE2-54B1A514FE07}.Release|Any CPU.ActiveCfg = Release|Any CPU
		{0066EE78-5CC7-4CF1-9AE2-54B1A514FE07}.Release|Any CPU.Build.0 = Release|Any CPU
	EndGlobalSection
	GlobalSection(SolutionProperties) = preSolution
		HideSolutionNode = FALSE
	EndGlobalSection
	GlobalSection(ExtensibilityGlobals) = postSolution
		SolutionGuid = {0CF68C2C-9E13-4A28-AF7D-70D3F9FF2FBA}
	EndGlobalSection
EndGlobal
